
Microsoft Visual Studio Solution File, Format Version 12.00
# Visual Studio Version 17
VisualStudioVersion = 17.9.34622.214
MinimumVisualStudioVersion = 10.0.40219.1
Project("{FAE04EC0-301F-11D3-BF4B-00C04F79EFBC}") = "dehearsWebApi", "dehearsWebApi\dehearsWebApi.csproj", "{0C07BD46-88A5-435E-BEE8-3ECC9BA7AA4B}"
EndProject
Global
	GlobalSection(SolutionConfigurationPlatforms) = preSolution
		Debug|Any CPU = Debug|Any CPU
		Release|Any CPU = Release|Any CPU
	EndGlobalSection
	GlobalSection(ProjectConfigurationPlatforms) = postSolution
		{0C07BD46-88A5-435E-BEE8-3ECC9BA7AA4B}.Debug|Any CPU.ActiveCfg = Debug|Any CPU
		{0C07BD46-88A5-435E-BEE8-3ECC9BA7AA4B}.Debug|Any CPU.Build.0 = Debug|Any CPU
		{0C07BD46-88A5-435E-BEE8-3ECC9BA7AA4B}.Release|Any CPU.ActiveCfg = Release|Any CPU
		{0C07BD46-88A5-435E-BEE8-3ECC9BA7AA4B}.Release|Any CPU.Build.0 = Release|Any CPU
	EndGlobalSection
	GlobalSection(SolutionProperties) = preSolution
		HideSolutionNode = FALSE
	EndGlobalSection
	GlobalSection(ExtensibilityGlobals) = postSolution
		SolutionGuid = {6774863E-3E71-4E34-9B56-6769021CF1EF}
	EndGlobalSection
EndGlobal
